
Microsoft Visual Studio Solution File, Format Version 12.00
# Visual Studio Version 17
VisualStudioVersion = 17.0.31903.59
MinimumVisualStudioVersion = 10.0.40219.1
Project("{2150E333-8FDC-42A3-9474-1A3956D46DE8}") = "src", "src", "{827E0CD3-B72D-47B6-A68D-7590B98EB39B}"
EndProject
Project("{FAE04EC0-301F-11D3-BF4B-00C04F79EFBC}") = "XiaoK.Adapters.Windows", "src\XiaoK.Adapters.Windows\XiaoK.Adapters.Windows.csproj", "{07FF6005-40DB-4328-82E5-D740A090CF95}"
EndProject
Project("{FAE04EC0-301F-11D3-BF4B-00C04F79EFBC}") = "XiaoK.Inference", "src\XiaoK.Inference\XiaoK.Inference.csproj", "{2602BA27-2EB4-499D-83FA-D3C47958CEB2}"
EndProject
Project("{FAE04EC0-301F-11D3-BF4B-00C04F79EFBC}") = "XiaoK.Voice", "src\XiaoK.Voice\XiaoK.Voice.csproj", "{4B7C5120-44F1-4AED-A3B1-44789822B74A}"
EndProject
Project("{FAE04EC0-301F-11D3-BF4B-00C04F79EFBC}") = "XiaoK.Tools", "src\XiaoK.Tools\XiaoK.Tools.csproj", "{EDE1DAA0-6EA8-4580-AC6C-57A93C071E2F}"
EndProject
Project("{FAE04EC0-301F-11D3-BF4B-00C04F79EFBC}") = "XiaoK.Host", "src\XiaoK.Host\XiaoK.Host.csproj", "{790BC036-A864-4F51-B293-C1CD90A54CD5}"
EndProject
Project("{FAE04EC0-301F-11D3-BF4B-00C04F79EFBC}") = "XiaoK.Storage", "src\XiaoK.Storage\XiaoK.Storage.csproj", "{1FE33DC6-00FD-4379-A081-B58227C763B9}"
EndProject
Project("{FAE04EC0-301F-11D3-BF4B-00C04F79EFBC}") = "XiaoK.Core", "src\XiaoK.Core\XiaoK.Core.csproj", "{7F24F368-F485-4192-AE88-37F129BE8425}"
EndProject
Project("{2150E333-8FDC-42A3-9474-1A3956D46DE8}") = "tests", "tests", "{0AB3BF05-4346-4AA6-1389-037BE0695223}"
EndProject
Project("{FAE04EC0-301F-11D3-BF4B-00C04F79EFBC}") = "XiaoK.Tools.SafetyChecks", "tests\XiaoK.Tools.SafetyChecks\XiaoK.Tools.SafetyChecks.csproj", "{13A398AE-299B-4EE2-880F-47AD042A1108}"
EndProject
Global
	GlobalSection(SolutionConfigurationPlatforms) = preSolution
		Debug|Any CPU = Debug|Any CPU
		Debug|x64 = Debug|x64
		Debug|x86 = Debug|x86
		Release|Any CPU = Release|Any CPU
		Release|x64 = Release|x64
		Release|x86 = Release|x86
	EndGlobalSection
	GlobalSection(ProjectConfigurationPlatforms) = postSolution
		{07FF6005-40DB-4328-82E5-D740A090CF95}.Debug|Any CPU.ActiveCfg = Debug|Any CPU
		{07FF6005-40DB-4328-82E5-D740A090CF95}.Debug|Any CPU.Build.0 = Debug|Any CPU
		{07FF6005-40DB-4328-82E5-D740A090CF95}.Debug|x64.ActiveCfg = Debug|Any CPU
		{07FF6005-40DB-4328-82E5-D740A090CF95}.Debug|x64.Build.0 = Debug|Any CPU
		{07FF6005-40DB-4328-82E5-D740A090CF95}.Debug|x86.ActiveCfg = Debug|Any CPU
		{07FF6005-40DB-4328-82E5-D740A090CF95}.Debug|x86.Build.0 = Debug|Any CPU
		{07FF6005-40DB-4328-82E5-D740A090CF95}.Release|Any CPU.ActiveCfg = Release|Any CPU
		{07FF6005-40DB-4328-82E5-D740A090CF95}.Release|Any CPU.Build.0 = Release|Any CPU
		{07FF6005-40DB-4328-82E5-D740A090CF95}.Release|x64.ActiveCfg = Release|Any CPU
		{07FF6005-40DB-4328-82E5-D740A090CF95}.Release|x64.Build.0 = Release|Any CPU
		{07FF6005-40DB-4328-82E5-D740A090CF95}.Release|x86.ActiveCfg = Release|Any CPU
		{07FF6005-40DB-4328-82E5-D740A090CF95}.Release|x86.Build.0 = Release|Any CPU
		{2602BA27-2EB4-499D-83FA-D3C47958CEB2}.Debug|Any CPU.ActiveCfg = Debug|Any CPU
		{2602BA27-2EB4-499D-83FA-D3C47958CEB2}.Debug|Any CPU.Build.0 = Debug|Any CPU
		{2602BA27-2EB4-499D-83FA-D3C47958CEB2}.Debug|x64.ActiveCfg = Debug|Any CPU
		{2602BA27-2EB4-499D-83FA-D3C47958CEB2}.Debug|x64.Build.0 = Debug|Any CPU
		{2602BA27-2EB4-499D-83FA-D3C47958CEB2}.Debug|x86.ActiveCfg = Debug|Any CPU
		{2602BA27-2EB4-499D-83FA-D3C47958CEB2}.Debug|x86.Build.0 = Debug|Any CPU
		{2602BA27-2EB4-499D-83FA-D3C47958CEB2}.Release|Any CPU.ActiveCfg = Release|Any CPU
		{2602BA27-2EB4-499D-83FA-D3C47958CEB2}.Release|Any CPU.Build.0 = Release|Any CPU
		{2602BA27-2EB4-499D-83FA-D3C47958CEB2}.Release|x64.ActiveCfg = Release|Any CPU
		{2602BA27-2EB4-499D-83FA-D3C47958CEB2}.Release|x64.Build.0 = Release|Any CPU
		{2602BA27-2EB4-499D-83FA-D3C47958CEB2}.Release|x86.ActiveCfg = Release|Any CPU
		{2602BA27-2EB4-499D-83FA-D3C47958CEB2}.Release|x86.Build.0 = Release|Any CPU
		{4B7C5120-44F1-4AED-A3B1-44789822B74A}.Debug|Any CPU.ActiveCfg = Debug|Any CPU
		{4B7C5120-44F1-4AED-A3B1-44789822B74A}.Debug|Any CPU.Build.0 = Debug|Any CPU
		{4B7C5120-44F1-4AED-A3B1-44789822B74A}.Debug|x64.ActiveCfg = Debug|Any CPU
		{4B7C5120-44F1-4AED-A3B1-44789822B74A}.Debug|x64.Build.0 = Debug|Any CPU
		{4B7C5120-44F1-4AED-A3B1-44789822B74A}.Debug|x86.ActiveCfg = Debug|Any CPU
		{4B7C5120-44F1-4AED-A3B1-44789822B74A}.Debug|x86.Build.0 = Debug|Any CPU
		{4B7C5120-44F1-4AED-A3B1-44789822B74A}.Release|Any CPU.ActiveCfg = Release|Any CPU
		{4B7C5120-44F1-4AED-A3B1-44789822B74A}.Release|Any CPU.Build.0 = Release|Any CPU
		{4B7C5120-44F1-4AED-A3B1-44789822B74A}.Release|x64.ActiveCfg = Release|Any CPU
		{4B7C5120-44F1-4AED-A3B1-44789822B74A}.Release|x64.Build.0 = Release|Any CPU
		{4B7C5120-44F1-4AED-A3B1-44789822B74A}.Release|x86.ActiveCfg = Release|Any CPU
		{4B7C5120-44F1-4AED-A3B1-44789822B74A}.Release|x86.Build.0 = Release|Any CPU
		{EDE1DAA0-6EA8-4580-AC6C-57A93C071E2F}.Debug|Any CPU.ActiveCfg = Debug|Any CPU
		{EDE1DAA0-6EA8-4580-AC6C-57A93C071E2F}.Debug|Any CPU.Build.0 = Debug|Any CPU
		{EDE1DAA0-6EA8-4580-AC6C-57A93C071E2F}.Debug|x64.ActiveCfg = Debug|Any CPU
		{EDE1DAA0-6EA8-4580-AC6C-57A93C071E2F}.Debug|x64.Build.0 = Debug|Any CPU
		{EDE1DAA0-6EA8-4580-AC6C-57A93C071E2F}.Debug|x86.ActiveCfg = Debug|Any CPU
		{EDE1DAA0-6EA8-4580-AC6C-57A93C071E2F}.Debug|x86.Build.0 = Debug|Any CPU
		{EDE1DAA0-6EA8-4580-AC6C-57A93C071E2F}.Release|Any CPU.ActiveCfg = Release|Any CPU
		{EDE1DAA0-6EA8-4580-AC6C-57A93C071E2F}.Release|Any CPU.Build.0 = Release|Any CPU
		{EDE1DAA0-6EA8-4580-AC6C-57A93C071E2F}.Release|x64.ActiveCfg = Release|Any CPU
		{EDE1DAA0-6EA8-4580-AC6C-57A93C071E2F}.Release|x64.Build.0 = Release|Any CPU
		{EDE1DAA0-6EA8-4580-AC6C-57A93C071E2F}.Release|x86.ActiveCfg = Release|Any CPU
		{EDE1DAA0-6EA8-4580-AC6C-57A93C071E2F}.Release|x86.Build.0 = Release|Any CPU
		{790BC036-A864-4F51-B293-C1CD90A54CD5}.Debug|Any CPU.ActiveCfg = Debug|Any CPU
		{790BC036-A864-4F51-B293-C1CD90A54CD5}.Debug|Any CPU.Build.0 = Debug|Any CPU
		{790BC036-A864-4F51-B293-C1CD90A54CD5}.Debug|x64.ActiveCfg = Debug|Any CPU
		{790BC036-A864-4F51-B293-C1CD90A54CD5}.Debug|x64.Build.0 = Debug|Any CPU
		{790BC036-A864-4F51-B293-C1CD90A54CD5}.Debug|x86.ActiveCfg = Debug|Any CPU
		{790BC036-A864-4F51-B293-C1CD90A54CD5}.Debug|x86.Build.0 = Debug|Any CPU
		{790BC036-A864-4F51-B293-C1CD90A54CD5}.Release|Any CPU.ActiveCfg = Release|Any CPU
		{790BC036-A864-4F51-B293-C1CD90A54CD5}.Release|Any CPU.Build.0 = Release|Any CPU
		{790BC036-A864-4F51-B293-C1CD90A54CD5}.Release|x64.ActiveCfg = Release|Any CPU
		{790BC036-A864-4F51-B293-C1CD90A54CD5}.Release|x64.Build.0 = Release|Any CPU
		{790BC036-A864-4F51-B293-C1CD90A54CD5}.Release|x86.ActiveCfg = Release|Any CPU
		{790BC036-A864-4F51-B293-C1CD90A54CD5}.Release|x86.Build.0 = Release|Any CPU
		{1FE33DC6-00FD-4379-A081-B58227C763B9}.Debug|Any CPU.ActiveCfg = Debug|Any CPU
		{1FE33DC6-00FD-4379-A081-B58227C763B9}.Debug|Any CPU.Build.0 = Debug|Any CPU
		{1FE33DC6-00FD-4379-A081-B58227C763B9}.Debug|x64.ActiveCfg = Debug|Any CPU
		{1FE33DC6-00FD-4379-A081-B58227C763B9}.Debug|x64.Build.0 = Debug|Any CPU
		{1FE33DC6-00FD-4379-A081-B58227C763B9}.Debug|x86.ActiveCfg = Debug|Any CPU
		{1FE33DC6-00FD-4379-A081-B58227C763B9}.Debug|x86.Build.0 = Debug|Any CPU
		{1FE33DC6-00FD-4379-A081-B58227C763B9}.Release|Any CPU.ActiveCfg = Release|Any CPU
		{1FE33DC6-00FD-4379-A081-B58227C763B9}.Release|Any CPU.Build.0 = Release|Any CPU
		{1FE33DC6-00FD-4379-A081-B58227C763B9}.Release|x64.ActiveCfg = Release|Any CPU
		{1FE33DC6-00FD-4379-A081-B58227C763B9}.Release|x64.Build.0 = Release|Any CPU
		{1FE33DC6-00FD-4379-A081-B58227C763B9}.Release|x86.ActiveCfg = Release|Any CPU
		{1FE33DC6-00FD-4379-A081-B58227C763B9}.Release|x86.Build.0 = Release|Any CPU
		{7F24F368-F485-4192-AE88-37F129BE8425}.Debug|Any CPU.ActiveCfg = Debug|Any CPU
		{7F24F368-F485-4192-AE88-37F129BE8425}.Debug|Any CPU.Build.0 = Debug|Any CPU
		{7F24F368-F485-4192-AE88-37F129BE8425}.Debug|x64.ActiveCfg = Debug|Any CPU
		{7F24F368-F485-4192-AE88-37F129BE8425}.Debug|x64.Build.0 = Debug|Any CPU
		{7F24F368-F485-4192-AE88-37F129BE8425}.Debug|x86.ActiveCfg = Debug|Any CPU
		{7F24F368-F485-4192-AE88-37F129BE8425}.Debug|x86.Build.0 = Debug|Any CPU
		{7F24F368-F485-4192-AE88-37F129BE8425}.Release|Any CPU.ActiveCfg = Release|Any CPU
		{7F24F368-F485-4192-AE88-37F129BE8425}.Release|Any CPU.Build.0 = Release|Any CPU
		{7F24F368-F485-4192-AE88-37F129BE8425}.Release|x64.ActiveCfg = Release|Any CPU
		{7F24F368-F485-4192-AE88-37F129BE8425}.Release|x64.Build.0 = Release|Any CPU
		{7F24F368-F485-4192-AE88-37F129BE8425}.Release|x86.ActiveCfg = Release|Any CPU
		{7F24F368-F485-4192-AE88-37F129BE8425}.Release|x86.Build.0 = Release|Any CPU
		{13A398AE-299B-4EE2-880F-47AD042A1108}.Debug|Any CPU.ActiveCfg = Debug|Any CPU
		{13A398AE-299B-4EE2-880F-47AD042A1108}.Debug|Any CPU.Build.0 = Debug|Any CPU
		{13A398AE-299B-4EE2-880F-47AD042A1108}.Debug|x64.ActiveCfg = Debug|Any CPU
		{13A398AE-299B-4EE2-880F-47AD042A1108}.Debug|x64.Build.0 = Debug|Any CPU
		{13A398AE-299B-4EE2-880F-47AD042A1108}.Debug|x86.ActiveCfg = Debug|Any CPU
		{13A398AE-299B-4EE2-880F-47AD042A1108}.Debug|x86.Build.0 = Debug|Any CPU
		{13A398AE-299B-4EE2-880F-47AD042A1108}.Release|Any CPU.ActiveCfg = Release|Any CPU
		{13A398AE-299B-4EE2-880F-47AD042A1108}.Release|Any CPU.Build.0 = Release|Any CPU
		{13A398AE-299B-4EE2-880F-47AD042A1108}.Release|x64.ActiveCfg = Release|Any CPU
		{13A398AE-299B-4EE2-880F-47AD042A1108}.Release|x64.Build.0 = Release|Any CPU
		{13A398AE-299B-4EE2-880F-47AD042A1108}.Release|x86.ActiveCfg = Release|Any CPU
		{13A398AE-299B-4EE2-880F-47AD042A1108}.Release|x86.Build.0 = Release|Any CPU
	EndGlobalSection
	GlobalSection(SolutionProperties) = preSolution
		HideSolutionNode = FALSE
	EndGlobalSection
	GlobalSection(NestedProjects) = preSolution
		{07FF6005-40DB-4328-82E5-D740A090CF95} = {827E0CD3-B72D-47B6-A68D-7590B98EB39B}
		{2602BA27-2EB4-499D-83FA-D3C47958CEB2} = {827E0CD3-B72D-47B6-A68D-7590B98EB39B}
		{4B7C5120-44F1-4AED-A3B1-44789822B74A} = {827E0CD3-B72D-47B6-A68D-7590B98EB39B}
		{EDE1DAA0-6EA8-4580-AC6C-57A93C071E2F} = {827E0CD3-B72D-47B6-A68D-7590B98EB39B}
		{790BC036-A864-4F51-B293-C1CD90A54CD5} = {827E0CD3-B72D-47B6-A68D-7590B98EB39B}
		{1FE33DC6-00FD-4379-A081-B58227C763B9} = {827E0CD3-B72D-47B6-A68D-7590B98EB39B}
		{7F24F368-F485-4192-AE88-37F129BE8425} = {827E0CD3-B72D-47B6-A68D-7590B98EB39B}
		{13A398AE-299B-4EE2-880F-47AD042A1108} = {0AB3BF05-4346-4AA6-1389-037BE0695223}
	EndGlobalSection
EndGlobal
