{
  "version": 1,
  "dependencies": {
    "net10.0-windows10.0.26100": {
      "Microsoft.Bcl.AsyncInterfaces": {
        "type": "Transitive",
        "resolved": "6.0.0",
        "contentHash": "UcSjPsst+DfAdJGVDsu346FX0ci0ah+lw3WRtn18NUwEqRt70HaOQ7lI72vy3+1LxtqI3T5GWwV39rQSrCzAeg=="
      },
      "Microsoft.Playwright": {
        "type": "Transitive",
        "resolved": "1.63.0",
        "contentHash": "O9F45Tt5vjauIo7mTTgQtahigL7cfRLvBMpErLJfdvgCnQ14yue5BmRASNnfNBWRBni4Mqp2YiD1eFGIO4nUUw==",
        "dependencies": {
          "Microsoft.Bcl.AsyncInterfaces": "6.0.0",
          "System.ComponentModel.Annotations": "5.0.0"
        }
      },
      "System.ComponentModel.Annotations": {
        "type": "Transitive",
        "resolved": "5.0.0",
        "contentHash": "dMkqfy2el8A8/I76n2Hi1oBFEbG1SfxD2l5nhwXV3XjlnOmwxJlQbYpJH4W51odnU9sARCSAgv7S3CyAFMkpYg=="
      },
      "xiaok.adapters.browser": {
        "type": "Project",
        "dependencies": {
          "Microsoft.Playwright": "[1.63.0, )",
          "XiaoK.Core": "[1.0.0, )"
        }
      },
      "xiaok.adapters.windows": {
        "type": "Project",
        "dependencies": {
          "XiaoK.Core": "[1.0.0, )"
        }
      },
      "xiaok.core": {
        "type": "Project"
      },
      "xiaok.inference": {
        "type": "Project",
        "dependencies": {
          "XiaoK.Core": "[1.0.0, )"
        }
      },
      "xiaok.storage": {
        "type": "Project",
        "dependencies": {
          "XiaoK.Core": "[1.0.0, )"
        }
      },
      "xiaok.tools": {
        "type": "Project",
        "dependencies": {
          "XiaoK.Adapters.Windows": "[1.0.0, )",
          "XiaoK.Core": "[1.0.0, )",
          "XiaoK.Inference": "[1.0.0, )"
        }
      },
      "xiaok.voice": {
        "type": "Project",
        "dependencies": {
          "XiaoK.Core": "[1.0.0, )",
          "XiaoK.Inference": "[1.0.0, )"
        }
      }
    },
    "net10.0-windows10.0.26100/win-x64": {}
  }
}