{
  "version": 1,
  "dependencies": {
    "net10.0-windows10.0.26100": {
      "VPet-Simulator.Core": {
        "type": "Direct",
        "requested": "[1.1.0.66, 1.1.0.66]",
        "resolved": "1.1.0.66",
        "contentHash": "+f4dwkRYwgqmPG/W52keBS/KEs2TLD5cx7sZcetqdfqXIAMFy6VrQqadvkSDvuqCeVft3MTPyDJCCimC5Wq7eA==",
        "dependencies": {
          "LinePutScript": "1.11.9",
          "LinePutScript.Localization.WPF": "1.0.7",
          "Panuon.WPF.UI": "1.2.4.10",
          "SkiaSharp": "3.116.1"
        }
      },
      "LinePutScript": {
        "type": "Transitive",
        "resolved": "1.11.9",
        "contentHash": "in2WEh3jV5+aNHMP8zpvSqDvmgf4sOCS1JhQZSjqG9MOYpfvfLsjbuFidJF3+sp7JjwVGLmhn/AYmZgPENbBWw=="
      },
      "LinePutScript.Localization.WPF": {
        "type": "Transitive",
        "resolved": "1.0.7",
        "contentHash": "n9Hh57jE8pNwzFypx2RUu6hYFMotZ+RDQYvpHwtHojLrFnZ35zJRgTXK3WKtYZHn7Ldm17+Q7NKQnXG1hkSrnQ==",
        "dependencies": {
          "LinePutScript": "1.8.3"
        }
      },
      "Panuon.WPF": {
        "type": "Transitive",
        "resolved": "1.1.3",
        "contentHash": "YaOjrqWktWKq2vioGibTYku3DxOKGuOlAIch2VCFz5U+PKolf+EZn1Q9RkLOaJk8bB+iUZj8p/c2UXCo4NlbYw=="
      },
      "Panuon.WPF.UI": {
        "type": "Transitive",
        "resolved": "1.2.4.10",
        "contentHash": "KYII6a5zJGQCyn4NNaoCMvwy5QFaACub7Xl4VnCQojxJ84xt3aIDfcruHKCj1SsTlskF5VQljh5kJlbC97xlKg==",
        "dependencies": {
          "Panuon.WPF": "1.1.3"
        }
      },
      "SkiaSharp": {
        "type": "Transitive",
        "resolved": "3.116.1",
        "contentHash": "DNDwbRjP+aMo27dV2h/uHCVTcWubWWxHnPLiePNyl24f4Pv43mQ8AQQeseOrKR+J3AOCEs6t0sUjo0aa3j3RWQ==",
        "dependencies": {
          "SkiaSharp.NativeAssets.Win32": "3.116.1"
        }
      },
      "SkiaSharp.NativeAssets.Win32": {
        "type": "Transitive",
        "resolved": "3.116.1",
        "contentHash": "dRQ75MCI8oz6zAs2Y1w6pq6ARs4MhdNG+gf3doOxOxdnueDXffQLGQIxON54GDoxc0WjKOoHMKBR4DhaduwwQw=="
      }
    }
  }
}